
Microsoft Visual Studio Solution File, Format Version 12.00
# Visual Studio Version 17
VisualStudioVersion = 17.5.33502.453
MinimumVisualStudioVersion = 10.0.40219.1
Project("{FAE04EC0-301F-11D3-BF4B-00C04F79EFBC}") = "YourPcNurse", "YourPcNurse.csproj", "{44517FF3-A451-4DE6-BD16-37BB974AE37A}"
EndProject
Global
	GlobalSection(SolutionConfigurationPlatforms) = preSolution
		Debug|Any CPU = Debug|Any CPU
		Release|Any CPU = Release|Any CPU
	EndGlobalSection
	GlobalSection(ProjectConfigurationPlatforms) = postSolution
		{44517FF3-A451-4DE6-BD16-37BB974AE37A}.Debug|Any CPU.ActiveCfg = Debug|Any CPU
		{44517FF3-A451-4DE6-BD16-37BB974AE37A}.Debug|Any CPU.Build.0 = Debug|Any CPU
		{44517FF3-A451-4DE6-BD16-37BB974AE37A}.Release|Any CPU.ActiveCfg = Release|Any CPU
		{44517FF3-A451-4DE6-BD16-37BB974AE37A}.Release|Any CPU.Build.0 = Release|Any CPU
	EndGlobalSection
	GlobalSection(SolutionProperties) = preSolution
		HideSolutionNode = FALSE
	EndGlobalSection
	GlobalSection(ExtensibilityGlobals) = postSolution
		SolutionGuid = {6AC3D2AD-FA84-4F0C-870B-2DC206C3B407}
	EndGlobalSection
EndGlobal
